
Microsoft Visual Studio Solution File, Format Version 12.00
# Visual Studio Version 16
VisualStudioVersion = 16.0.31112.23
MinimumVisualStudioVersion = 10.0.40219.1
Project("{FAE04EC0-301F-11D3-BF4B-00C04F79EFBC}") = "LabN", "LabN.csproj", "{53ED3B99-07AD-45DC-A800-10AB6DCAE3BD}"
EndProject
Global
	GlobalSection(SolutionConfigurationPlatforms) = preSolution
		Debug|Any CPU = Debug|Any CPU
		Release|Any CPU = Release|Any CPU
	EndGlobalSection
	GlobalSection(ProjectConfigurationPlatforms) = postSolution
		{53ED3B99-07AD-45DC-A800-10AB6DCAE3BD}.Debug|Any CPU.ActiveCfg = Debug|Any CPU
		{53ED3B99-07AD-45DC-A800-10AB6DCAE3BD}.Debug|Any CPU.Build.0 = Debug|Any CPU
		{53ED3B99-07AD-45DC-A800-10AB6DCAE3BD}.Release|Any CPU.ActiveCfg = Release|Any CPU
		{53ED3B99-07AD-45DC-A800-10AB6DCAE3BD}.Release|Any CPU.Build.0 = Release|Any CPU
	EndGlobalSection
	GlobalSection(SolutionProperties) = preSolution
		HideSolutionNode = FALSE
	EndGlobalSection
	GlobalSection(ExtensibilityGlobals) = postSolution
		SolutionGuid = {1C485A94-C6D4-4AED-A169-98DE45A9C8B0}
	EndGlobalSection
EndGlobal
