
Microsoft Visual Studio Solution File, Format Version 12.00
# Visual Studio Version 16
VisualStudioVersion = 16.0.31129.286
MinimumVisualStudioVersion = 10.0.40219.1
Project("{FAE04EC0-301F-11D3-BF4B-00C04F79EFBC}") = "Geometria", "Geometria\Geometria.csproj", "{1A4AD873-DD32-4BC4-90EA-2A12E3B9D581}"
EndProject
Global
	GlobalSection(SolutionConfigurationPlatforms) = preSolution
		Debug|Any CPU = Debug|Any CPU
		Release|Any CPU = Release|Any CPU
	EndGlobalSection
	GlobalSection(ProjectConfigurationPlatforms) = postSolution
		{1A4AD873-DD32-4BC4-90EA-2A12E3B9D581}.Debug|Any CPU.ActiveCfg = Debug|Any CPU
		{1A4AD873-DD32-4BC4-90EA-2A12E3B9D581}.Debug|Any CPU.Build.0 = Debug|Any CPU
		{1A4AD873-DD32-4BC4-90EA-2A12E3B9D581}.Release|Any CPU.ActiveCfg = Release|Any CPU
		{1A4AD873-DD32-4BC4-90EA-2A12E3B9D581}.Release|Any CPU.Build.0 = Release|Any CPU
	EndGlobalSection
	GlobalSection(SolutionProperties) = preSolution
		HideSolutionNode = FALSE
	EndGlobalSection
	GlobalSection(ExtensibilityGlobals) = postSolution
		SolutionGuid = {B6C818FB-17B7-4C4A-8591-DC9FF7EF6BF0}
	EndGlobalSection
EndGlobal
