
Microsoft Visual Studio Solution File, Format Version 12.00
# Visual Studio Version 16
VisualStudioVersion = 16.0.31129.286
MinimumVisualStudioVersion = 10.0.40219.1
Project("{FAE04EC0-301F-11D3-BF4B-00C04F79EFBC}") = "LabSintaxis4", "LabSintaxis4.csproj", "{A32CAE95-5055-4DFC-A2DF-DB589D29E414}"
EndProject
Global
	GlobalSection(SolutionConfigurationPlatforms) = preSolution
		Debug|Any CPU = Debug|Any CPU
		Release|Any CPU = Release|Any CPU
	EndGlobalSection
	GlobalSection(ProjectConfigurationPlatforms) = postSolution
		{A32CAE95-5055-4DFC-A2DF-DB589D29E414}.Debug|Any CPU.ActiveCfg = Debug|Any CPU
		{A32CAE95-5055-4DFC-A2DF-DB589D29E414}.Debug|Any CPU.Build.0 = Debug|Any CPU
		{A32CAE95-5055-4DFC-A2DF-DB589D29E414}.Release|Any CPU.ActiveCfg = Release|Any CPU
		{A32CAE95-5055-4DFC-A2DF-DB589D29E414}.Release|Any CPU.Build.0 = Release|Any CPU
	EndGlobalSection
	GlobalSection(SolutionProperties) = preSolution
		HideSolutionNode = FALSE
	EndGlobalSection
	GlobalSection(ExtensibilityGlobals) = postSolution
		SolutionGuid = {F42F2D05-9E9F-44DA-8240-A8F95F70886D}
	EndGlobalSection
EndGlobal
