
Microsoft Visual Studio Solution File, Format Version 12.00
# Visual Studio Version 16
VisualStudioVersion = 16.0.31205.134
MinimumVisualStudioVersion = 10.0.40219.1
Project("{FAE04EC0-301F-11D3-BF4B-00C04F79EFBC}") = "Clases", "Clases\Clases.csproj", "{8E2BE79B-8D9D-4491-8237-03617C52F224}"
EndProject
Project("{FAE04EC0-301F-11D3-BF4B-00C04F79EFBC}") = "Console", "Console\Console.csproj", "{BC572EAC-0232-4D20-9C7A-857F8C282F19}"
EndProject
Global
	GlobalSection(SolutionConfigurationPlatforms) = preSolution
		Debug|Any CPU = Debug|Any CPU
		Release|Any CPU = Release|Any CPU
	EndGlobalSection
	GlobalSection(ProjectConfigurationPlatforms) = postSolution
		{8E2BE79B-8D9D-4491-8237-03617C52F224}.Debug|Any CPU.ActiveCfg = Debug|Any CPU
		{8E2BE79B-8D9D-4491-8237-03617C52F224}.Debug|Any CPU.Build.0 = Debug|Any CPU
		{8E2BE79B-8D9D-4491-8237-03617C52F224}.Release|Any CPU.ActiveCfg = Release|Any CPU
		{8E2BE79B-8D9D-4491-8237-03617C52F224}.Release|Any CPU.Build.0 = Release|Any CPU
		{BC572EAC-0232-4D20-9C7A-857F8C282F19}.Debug|Any CPU.ActiveCfg = Debug|Any CPU
		{BC572EAC-0232-4D20-9C7A-857F8C282F19}.Debug|Any CPU.Build.0 = Debug|Any CPU
		{BC572EAC-0232-4D20-9C7A-857F8C282F19}.Release|Any CPU.ActiveCfg = Release|Any CPU
		{BC572EAC-0232-4D20-9C7A-857F8C282F19}.Release|Any CPU.Build.0 = Release|Any CPU
	EndGlobalSection
	GlobalSection(SolutionProperties) = preSolution
		HideSolutionNode = FALSE
	EndGlobalSection
	GlobalSection(ExtensibilityGlobals) = postSolution
		SolutionGuid = {FAF7AE07-B4C0-4BE1-A052-7654718ECB0E}
	EndGlobalSection
EndGlobal
